
Microsoft Visual Studio Solution File, Format Version 12.00
# Visual Studio 15
VisualStudioVersion = 15.0.27428.2037
MinimumVisualStudioVersion = 10.0.40219.1
Project("{FAE04EC0-301F-11D3-BF4B-00C04F79EFBC}") = "CoreClass", "CoreClass\CoreClass.csproj", "{AC0859FE-CE33-4CEB-9B4D-161938B7D33A}"
EndProject
Global
	GlobalSection(SolutionConfigurationPlatforms) = preSolution
		Debug|Any CPU = Debug|Any CPU
		Release|Any CPU = Release|Any CPU
	EndGlobalSection
	GlobalSection(ProjectConfigurationPlatforms) = postSolution
		{AC0859FE-CE33-4CEB-9B4D-161938B7D33A}.Debug|Any CPU.ActiveCfg = Debug|Any CPU
		{AC0859FE-CE33-4CEB-9B4D-161938B7D33A}.Debug|Any CPU.Build.0 = Debug|Any CPU
		{AC0859FE-CE33-4CEB-9B4D-161938B7D33A}.Release|Any CPU.ActiveCfg = Release|Any CPU
		{AC0859FE-CE33-4CEB-9B4D-161938B7D33A}.Release|Any CPU.Build.0 = Release|Any CPU
	EndGlobalSection
	GlobalSection(SolutionProperties) = preSolution
		HideSolutionNode = FALSE
	EndGlobalSection
	GlobalSection(ExtensibilityGlobals) = postSolution
		SolutionGuid = {52E44149-4500-4E73-BB63-B494F6DAB67E}
	EndGlobalSection
EndGlobal
